
Microsoft Visual Studio Solution File, Format Version 12.00
# Visual Studio Version 17
VisualStudioVersion = 17.7.34202.233
MinimumVisualStudioVersion = 10.0.40219.1
Project("{2150E333-8FDC-42A3-9474-1A3956D46DE8}") = "0 - Presentation", "0 - Presentation", "{EF9B6D4A-7094-4F26-A9BB-5564AF4BE060}"
EndProject
Project("{2150E333-8FDC-42A3-9474-1A3956D46DE8}") = "1 - Application", "1 - Application", "{5053EDA0-990E-4F53-A51C-8F780E70C43D}"
EndProject
Project("{2150E333-8FDC-42A3-9474-1A3956D46DE8}") = "2 - Domain", "2 - Domain", "{D9E71450-FCD3-4860-9A49-EBFB05027A35}"
EndProject
Project("{2150E333-8FDC-42A3-9474-1A3956D46DE8}") = "3 - Infra", "3 - Infra", "{F80D1D54-433C-4532-91F0-EC75F432E5E0}"
EndProject
Project("{2150E333-8FDC-42A3-9474-1A3956D46DE8}") = "4 - Testes", "4 - Testes", "{6FD805D0-030C-47EF-87BF-C3A09A79CC95}"
EndProject
Project("{2150E333-8FDC-42A3-9474-1A3956D46DE8}") = "3.1 - Data", "3.1 - Data", "{9644855B-3FCE-4833-9E25-36A77664560D}"
EndProject
Project("{2150E333-8FDC-42A3-9474-1A3956D46DE8}") = "3.2 - CrossCutting", "3.2 - CrossCutting", "{54864C8E-57C9-4DDE-BFE9-E15BD06919EA}"
EndProject
Project("{9A19103F-16F7-4668-BE54-9A1E7A4F7556}") = "Biblioteca.2.0.Integration", "Biblioteca.2.0.Integration\Biblioteca.2.0.Integration.csproj", "{2FA6A607-5694-4E4B-A1CF-DC900EE2AC12}"
EndProject
Project("{9A19103F-16F7-4668-BE54-9A1E7A4F7556}") = "Biblioteca.2.0.Client", "Biblioteca.2.0.Client\Biblioteca.2.0.Client.csproj", "{62C149F7-966B-4A1A-B03A-FA0D9F6560C3}"
EndProject
Project("{2150E333-8FDC-42A3-9474-1A3956D46DE8}") = "3.4 - Common", "3.4 - Common", "{0B0948E9-67BF-45E0-9657-34233D23B81D}"
EndProject
Project("{9A19103F-16F7-4668-BE54-9A1E7A4F7556}") = "Biblioteca.2.0.Common.Filters", "Biblioteca.2.0.Common.Filters\Biblioteca.2.0.Common.Filters.csproj", "{BE6D33A1-6834-4CD6-B0DB-61DB1DF5B058}"
EndProject
Project("{9A19103F-16F7-4668-BE54-9A1E7A4F7556}") = "Biblioteca.2.0.Application", "Biblioteca.2.0.Application\Biblioteca.2.0.Application.csproj", "{3B360FE4-0937-4991-B2A6-6F4250E6D1CF}"
EndProject
Project("{9A19103F-16F7-4668-BE54-9A1E7A4F7556}") = "Biblioteca.2.0.Domain", "Biblioteca.2.0.Domain\Biblioteca.2.0.Domain.csproj", "{6AC98916-BB1C-428B-AF4B-DDC396C57C77}"
EndProject
Project("{9A19103F-16F7-4668-BE54-9A1E7A4F7556}") = "Biblioteca.2.0.Domain.Core", "Biblioteca.2.0.Domain.Core\Biblioteca.2.0.Domain.Core.csproj", "{6A22ABD0-CAE1-4004-83C7-087D16EEA44C}"
EndProject
Project("{9A19103F-16F7-4668-BE54-9A1E7A4F7556}") = "Biblioteca.2.0.Infra.Data", "Biblioteca.2.0.Infra.Data\Biblioteca.2.0.Infra.Data.csproj", "{34E7F35E-3770-447B-9364-C4CC7B81852E}"
EndProject
Project("{9A19103F-16F7-4668-BE54-9A1E7A4F7556}") = "Biblioteca.2.0.Infra.Data.Dapper", "Biblioteca.2.0.Infra.Data.Dapper\Biblioteca.2.0.Infra.Data.Dapper.csproj", "{25B8C15F-902D-47AF-8CA4-7608799ADC08}"
EndProject
Project("{9A19103F-16F7-4668-BE54-9A1E7A4F7556}") = "Biblioteca.2.0.Common.Helpers", "Biblioteca.2.0.Common.Helpers\Biblioteca.2.0.Common.Helpers.csproj", "{2E7AFF44-9AA0-45C9-89CE-2648C40E5D8C}"
EndProject
Project("{9A19103F-16F7-4668-BE54-9A1E7A4F7556}") = "Biblioteca.2.0.Crosscutting.IoC", "Biblioteca.2.0.Crosscutting.IoC\Biblioteca.2.0.Crosscutting.IoC.csproj", "{9F031819-B7F9-4044-B491-B68BAB7133B1}"
EndProject
Project("{9A19103F-16F7-4668-BE54-9A1E7A4F7556}") = "Biblioteca.2.0.Metadados", "Biblioteca.2.0.Metadados\Biblioteca.2.0.Metadados.csproj", "{CE6E5AAB-9409-453F-A0AD-BE883682053B}"
EndProject
Project("{9A19103F-16F7-4668-BE54-9A1E7A4F7556}") = "Biblioteca.2.0.Extension", "Biblioteca.2.0.Extension\Biblioteca.2.0.Extension.csproj", "{4365209D-727A-44EA-B16D-CE086C4C9830}"
EndProject
Project("{2150E333-8FDC-42A3-9474-1A3956D46DE8}") = "5 - Identity", "5 - Identity", "{DF3E6119-800D-4624-B92D-3FB9D44D7654}"
EndProject
Project("{FAE04EC0-301F-11D3-BF4B-00C04F79EFBC}") = "Biblioteca.2.0.Identity", "Biblioteca.2.0.Identity\Biblioteca.2.0.Identity.csproj", "{E96BDF38-2009-4DD7-A267-067506F92D88}"
EndProject
Global
	GlobalSection(SolutionConfigurationPlatforms) = preSolution
		Debug|Any CPU = Debug|Any CPU
		Release|Any CPU = Release|Any CPU
	EndGlobalSection
	GlobalSection(ProjectConfigurationPlatforms) = postSolution
		{2FA6A607-5694-4E4B-A1CF-DC900EE2AC12}.Debug|Any CPU.ActiveCfg = Debug|Any CPU
		{2FA6A607-5694-4E4B-A1CF-DC900EE2AC12}.Debug|Any CPU.Build.0 = Debug|Any CPU
		{2FA6A607-5694-4E4B-A1CF-DC900EE2AC12}.Release|Any CPU.ActiveCfg = Release|Any CPU
		{2FA6A607-5694-4E4B-A1CF-DC900EE2AC12}.Release|Any CPU.Build.0 = Release|Any CPU
		{62C149F7-966B-4A1A-B03A-FA0D9F6560C3}.Debug|Any CPU.ActiveCfg = Debug|Any CPU
		{62C149F7-966B-4A1A-B03A-FA0D9F6560C3}.Debug|Any CPU.Build.0 = Debug|Any CPU
		{62C149F7-966B-4A1A-B03A-FA0D9F6560C3}.Release|Any CPU.ActiveCfg = Release|Any CPU
		{62C149F7-966B-4A1A-B03A-FA0D9F6560C3}.Release|Any CPU.Build.0 = Release|Any CPU
		{BE6D33A1-6834-4CD6-B0DB-61DB1DF5B058}.Debug|Any CPU.ActiveCfg = Debug|Any CPU
		{BE6D33A1-6834-4CD6-B0DB-61DB1DF5B058}.Debug|Any CPU.Build.0 = Debug|Any CPU
		{BE6D33A1-6834-4CD6-B0DB-61DB1DF5B058}.Release|Any CPU.ActiveCfg = Release|Any CPU
		{BE6D33A1-6834-4CD6-B0DB-61DB1DF5B058}.Release|Any CPU.Build.0 = Release|Any CPU
		{3B360FE4-0937-4991-B2A6-6F4250E6D1CF}.Debug|Any CPU.ActiveCfg = Debug|Any CPU
		{3B360FE4-0937-4991-B2A6-6F4250E6D1CF}.Debug|Any CPU.Build.0 = Debug|Any CPU
		{3B360FE4-0937-4991-B2A6-6F4250E6D1CF}.Release|Any CPU.ActiveCfg = Release|Any CPU
		{3B360FE4-0937-4991-B2A6-6F4250E6D1CF}.Release|Any CPU.Build.0 = Release|Any CPU
		{6AC98916-BB1C-428B-AF4B-DDC396C57C77}.Debug|Any CPU.ActiveCfg = Debug|Any CPU
		{6AC98916-BB1C-428B-AF4B-DDC396C57C77}.Debug|Any CPU.Build.0 = Debug|Any CPU
		{6AC98916-BB1C-428B-AF4B-DDC396C57C77}.Release|Any CPU.ActiveCfg = Release|Any CPU
		{6AC98916-BB1C-428B-AF4B-DDC396C57C77}.Release|Any CPU.Build.0 = Release|Any CPU
		{6A22ABD0-CAE1-4004-83C7-087D16EEA44C}.Debug|Any CPU.ActiveCfg = Debug|Any CPU
		{6A22ABD0-CAE1-4004-83C7-087D16EEA44C}.Debug|Any CPU.Build.0 = Debug|Any CPU
		{6A22ABD0-CAE1-4004-83C7-087D16EEA44C}.Release|Any CPU.ActiveCfg = Release|Any CPU
		{6A22ABD0-CAE1-4004-83C7-087D16EEA44C}.Release|Any CPU.Build.0 = Release|Any CPU
		{34E7F35E-3770-447B-9364-C4CC7B81852E}.Debug|Any CPU.ActiveCfg = Debug|Any CPU
		{34E7F35E-3770-447B-9364-C4CC7B81852E}.Debug|Any CPU.Build.0 = Debug|Any CPU
		{34E7F35E-3770-447B-9364-C4CC7B81852E}.Release|Any CPU.ActiveCfg = Release|Any CPU
		{34E7F35E-3770-447B-9364-C4CC7B81852E}.Release|Any CPU.Build.0 = Release|Any CPU
		{25B8C15F-902D-47AF-8CA4-7608799ADC08}.Debug|Any CPU.ActiveCfg = Debug|Any CPU
		{25B8C15F-902D-47AF-8CA4-7608799ADC08}.Debug|Any CPU.Build.0 = Debug|Any CPU
		{25B8C15F-902D-47AF-8CA4-7608799ADC08}.Release|Any CPU.ActiveCfg = Release|Any CPU
		{25B8C15F-902D-47AF-8CA4-7608799ADC08}.Release|Any CPU.Build.0 = Release|Any CPU
		{2E7AFF44-9AA0-45C9-89CE-2648C40E5D8C}.Debug|Any CPU.ActiveCfg = Debug|Any CPU
		{2E7AFF44-9AA0-45C9-89CE-2648C40E5D8C}.Debug|Any CPU.Build.0 = Debug|Any CPU
		{2E7AFF44-9AA0-45C9-89CE-2648C40E5D8C}.Release|Any CPU.ActiveCfg = Release|Any CPU
		{2E7AFF44-9AA0-45C9-89CE-2648C40E5D8C}.Release|Any CPU.Build.0 = Release|Any CPU
		{9F031819-B7F9-4044-B491-B68BAB7133B1}.Debug|Any CPU.ActiveCfg = Debug|Any CPU
		{9F031819-B7F9-4044-B491-B68BAB7133B1}.Debug|Any CPU.Build.0 = Debug|Any CPU
		{9F031819-B7F9-4044-B491-B68BAB7133B1}.Release|Any CPU.ActiveCfg = Release|Any CPU
		{9F031819-B7F9-4044-B491-B68BAB7133B1}.Release|Any CPU.Build.0 = Release|Any CPU
		{CE6E5AAB-9409-453F-A0AD-BE883682053B}.Debug|Any CPU.ActiveCfg = Debug|Any CPU
		{CE6E5AAB-9409-453F-A0AD-BE883682053B}.Debug|Any CPU.Build.0 = Debug|Any CPU
		{CE6E5AAB-9409-453F-A0AD-BE883682053B}.Release|Any CPU.ActiveCfg = Release|Any CPU
		{CE6E5AAB-9409-453F-A0AD-BE883682053B}.Release|Any CPU.Build.0 = Release|Any CPU
		{4365209D-727A-44EA-B16D-CE086C4C9830}.Debug|Any CPU.ActiveCfg = Debug|Any CPU
		{4365209D-727A-44EA-B16D-CE086C4C9830}.Debug|Any CPU.Build.0 = Debug|Any CPU
		{4365209D-727A-44EA-B16D-CE086C4C9830}.Release|Any CPU.ActiveCfg = Release|Any CPU
		{4365209D-727A-44EA-B16D-CE086C4C9830}.Release|Any CPU.Build.0 = Release|Any CPU
		{E96BDF38-2009-4DD7-A267-067506F92D88}.Debug|Any CPU.ActiveCfg = Debug|Any CPU
		{E96BDF38-2009-4DD7-A267-067506F92D88}.Debug|Any CPU.Build.0 = Debug|Any CPU
		{E96BDF38-2009-4DD7-A267-067506F92D88}.Release|Any CPU.ActiveCfg = Release|Any CPU
		{E96BDF38-2009-4DD7-A267-067506F92D88}.Release|Any CPU.Build.0 = Release|Any CPU
	EndGlobalSection
	GlobalSection(SolutionProperties) = preSolution
		HideSolutionNode = FALSE
	EndGlobalSection
	GlobalSection(NestedProjects) = preSolution
		{9644855B-3FCE-4833-9E25-36A77664560D} = {F80D1D54-433C-4532-91F0-EC75F432E5E0}
		{54864C8E-57C9-4DDE-BFE9-E15BD06919EA} = {F80D1D54-433C-4532-91F0-EC75F432E5E0}
		{2FA6A607-5694-4E4B-A1CF-DC900EE2AC12} = {54864C8E-57C9-4DDE-BFE9-E15BD06919EA}
		{62C149F7-966B-4A1A-B03A-FA0D9F6560C3} = {EF9B6D4A-7094-4F26-A9BB-5564AF4BE060}
		{0B0948E9-67BF-45E0-9657-34233D23B81D} = {F80D1D54-433C-4532-91F0-EC75F432E5E0}
		{BE6D33A1-6834-4CD6-B0DB-61DB1DF5B058} = {0B0948E9-67BF-45E0-9657-34233D23B81D}
		{3B360FE4-0937-4991-B2A6-6F4250E6D1CF} = {5053EDA0-990E-4F53-A51C-8F780E70C43D}
		{6AC98916-BB1C-428B-AF4B-DDC396C57C77} = {D9E71450-FCD3-4860-9A49-EBFB05027A35}
		{6A22ABD0-CAE1-4004-83C7-087D16EEA44C} = {D9E71450-FCD3-4860-9A49-EBFB05027A35}
		{34E7F35E-3770-447B-9364-C4CC7B81852E} = {9644855B-3FCE-4833-9E25-36A77664560D}
		{25B8C15F-902D-47AF-8CA4-7608799ADC08} = {9644855B-3FCE-4833-9E25-36A77664560D}
		{2E7AFF44-9AA0-45C9-89CE-2648C40E5D8C} = {0B0948E9-67BF-45E0-9657-34233D23B81D}
		{9F031819-B7F9-4044-B491-B68BAB7133B1} = {54864C8E-57C9-4DDE-BFE9-E15BD06919EA}
		{CE6E5AAB-9409-453F-A0AD-BE883682053B} = {0B0948E9-67BF-45E0-9657-34233D23B81D}
		{4365209D-727A-44EA-B16D-CE086C4C9830} = {54864C8E-57C9-4DDE-BFE9-E15BD06919EA}
		{E96BDF38-2009-4DD7-A267-067506F92D88} = {DF3E6119-800D-4624-B92D-3FB9D44D7654}
	EndGlobalSection
	GlobalSection(ExtensibilityGlobals) = postSolution
		SolutionGuid = {CA1DDD66-D064-48EB-8638-2B2661BA3A2C}
	EndGlobalSection
EndGlobal
